PODS:
  - AppAuth (1.4.0):
    - AppAuth/Core (= 1.4.0)
    - AppAuth/ExternalUserAgent (= 1.4.0)
  - AppAuth/Core (1.4.0)
  - AppAuth/ExternalUserAgent (1.4.0)
  - connectivity_plus (0.0.1):
    - Flutter
    - Reachability
  - FBSDKCoreKit (9.2.0):
    - FBSDKCoreKit/Basics (= 9.2.0)
    - FBSDKCoreKit/Core (= 9.2.0)
  - FBSDKCoreKit/Basics (9.2.0)
  - FBSDKCoreKit/Core (9.2.0):
    - FBSDKCoreKit/Basics
  - FBSDKShareKit (9.2.0):
    - FBSDKShareKit/Share (= 9.2.0)
  - FBSDKShareKit/Share (9.2.0):
    - FBSDKCoreKit (~> 9.2.0)
  - Firebase/Auth (7.3.0):
    - Firebase/CoreOnly
    - FirebaseAuth (~> 7.3.0)
  - Firebase/CoreOnly (7.3.0):
    - FirebaseCore (= 7.3.0)
  - firebase_auth (1.1.0):
    - Firebase/Auth (= 7.3.0)
    - firebase_core
    - Flutter
  - firebase_core (1.0.3):
    - Firebase/CoreOnly (= 7.3.0)
    - Flutter
  - FirebaseAuth (7.3.0):
    - FirebaseCore (~> 7.0)
    - GoogleUtilities/AppDelegateSwizzler (~> 7.0)
    - GoogleUtilities/Environment (~> 7.0)
    - GTMSessionFetcher/Core (~> 1.4)
  - FirebaseCore (7.3.0):
    - FirebaseCoreDiagnostics (~> 7.0)
    - GoogleUtilities/Environment (~> 7.0)
    - GoogleUtilities/Logger (~> 7.0)
  - FirebaseCoreDiagnostics (7.11.0):
    - GoogleDataTransport (~> 8.4)
    - GoogleUtilities/Environment (~> 7.0)
    - GoogleUtilities/Logger (~> 7.0)
    - nanopb (~> 2.30908.0)
  - Flutter (1.0.0)
  - flutter_social_content_share (0.0.1):
    - FBSDKCoreKit
    - FBSDKShareKit
    - Flutter
  - google_sign_in (0.0.1):
    - Flutter
    - GoogleSignIn (~> 5.0)
  - GoogleDataTransport (8.4.0):
    - GoogleUtilities/Environment (~> 7.2)
    - nanopb (~> 2.30908.0)
    - PromisesObjC (~> 1.2)
  - GoogleSignIn (5.0.2):
    - AppAuth (~> 1.2)
    - GTMAppAuth (~> 1.0)
    - GTMSessionFetcher/Core (~> 1.1)
  - GoogleUtilities/AppDelegateSwizzler (7.4.0):
    - GoogleUtilities/Environment
    - GoogleUtilities/Logger
    - GoogleUtilities/Network
  - GoogleUtilities/Environment (7.4.0):
    - PromisesObjC (~> 1.2)
  - GoogleUtilities/Logger (7.4.0):
    - GoogleUtilities/Environment
  - GoogleUtilities/Network (7.4.0):
    - GoogleUtilities/Logger
    - "GoogleUtilities/NSData+zlib"
    - GoogleUtilities/Reachability
  - "GoogleUtilities/NSData+zlib (7.4.0)"
  - GoogleUtilities/Reachability (7.4.0):
    - GoogleUtilities/Logger
  - GTMAppAuth (1.2.1):
    - AppAuth/Core (~> 1.4)
    - GTMSessionFetcher/Core (~> 1.5)
  - GTMSessionFetcher/Core (1.5.0)
  - image_picker (0.0.1):
    - Flutter
  - nanopb (2.30908.0):
    - nanopb/decode (= 2.30908.0)
    - nanopb/encode (= 2.30908.0)
  - nanopb/decode (2.30908.0)
  - nanopb/encode (2.30908.0)
  - path_provider (0.0.1):
    - Flutter
  - PromisesObjC (1.2.12)
  - Reachability (3.2)
  - share (0.0.1):
    - Flutter
  - shared_preferences (0.0.1):
    - Flutter
  - social_share (0.0.1):
    - Flutter
  - url_launcher (0.0.1):
    - Flutter

DEPENDENCIES:
  - connectivity_plus (from `.symlinks/plugins/connectivity_plus/ios`)
  - firebase_auth (from `.symlinks/plugins/firebase_auth/ios`)
  - firebase_core (from `.symlinks/plugins/firebase_core/ios`)
  - Flutter (from `Flutter`)
  - flutter_social_content_share (from `.symlinks/plugins/flutter_social_content_share/ios`)
  - google_sign_in (from `.symlinks/plugins/google_sign_in/ios`)
  - image_picker (from `.symlinks/plugins/image_picker/ios`)
  - path_provider (from `.symlinks/plugins/path_provider/ios`)
  - share (from `.symlinks/plugins/share/ios`)
  - shared_preferences (from `.symlinks/plugins/shared_preferences/ios`)
  - social_share (from `.symlinks/plugins/social_share/ios`)
  - url_launcher (from `.symlinks/plugins/url_launcher/ios`)

SPEC REPOS:
  trunk:
    - AppAuth
    - FBSDKCoreKit
    - FBSDKShareKit
    - Firebase
    - FirebaseAuth
    - FirebaseCore
    - FirebaseCoreDiagnostics
    - GoogleDataTransport
    - GoogleSignIn
    - GoogleUtilities
    - GTMAppAuth
    - GTMSessionFetcher
    - nanopb
    - PromisesObjC
    - Reachability

EXTERNAL SOURCES:
  connectivity_plus:
    :path: ".symlinks/plugins/connectivity_plus/ios"
  firebase_auth:
    :path: ".symlinks/plugins/firebase_auth/ios"
  firebase_core:
    :path: ".symlinks/plugins/firebase_core/ios"
  Flutter:
    :path: Flutter
  flutter_social_content_share:
    :path: ".symlinks/plugins/flutter_social_content_share/ios"
  google_sign_in:
    :path: ".symlinks/plugins/google_sign_in/ios"
  image_picker:
    :path: ".symlinks/plugins/image_picker/ios"
  path_provider:
    :path: ".symlinks/plugins/path_provider/ios"
  share:
    :path: ".symlinks/plugins/share/ios"
  shared_preferences:
    :path: ".symlinks/plugins/shared_preferences/ios"
  social_share:
    :path: ".symlinks/plugins/social_share/ios"
  url_launcher:
    :path: ".symlinks/plugins/url_launcher/ios"

SPEC CHECKSUMS:
  AppAuth: 31bcec809a638d7bd2f86ea8a52bd45f6e81e7c7
  connectivity_plus: f5e5e0b894ec1187bfab9816d6c2f034da8d46da
  FBSDKCoreKit: dace5abafc2fd9272733e6d027bcf18102712117
  FBSDKShareKit: 1210ece9e8f516ef0bb40ac329929a2874aef274
  Firebase: 26223c695fe322633274198cb19dca8cb7e54416
  firebase_auth: d09964a120e218411768f5ca2d3ce938abd319f2
  firebase_core: b5d81dfd4fb2d6f700e67de34d9a633ae325c4e9
  FirebaseAuth: c224a0cf1afa0949bd5c7bfcf154b4f5ce8ddef2
  FirebaseCore: 4d3c72622ce0e2106aaa07bb4b2935ba2c370972
  FirebaseCoreDiagnostics: 68ad972f99206cef818230f3f3179d52ccfb7f8c
  Flutter: 434fef37c0980e73bb6479ef766c45957d4b510c
  flutter_social_content_share: b2546c98605e3e90b7f8e46f932e7df82725d684
  google_sign_in: 6bd214b9c154f881422f5fe27b66aaa7bbd580cc
  GoogleDataTransport: cd9db2180fcecd8da1b561aea31e3e56cf834aa7
  GoogleSignIn: 7137d297ddc022a7e0aa4619c86d72c909fa7213
  GoogleUtilities: 284cddc7fffc14ae1907efb6f78ab95c1fccaedc
  GTMAppAuth: 5b53231ef6920f149ab84b2969cb0ab572da3077
  GTMSessionFetcher: b3503b20a988c4e20cc189aa798fd18220133f52
  image_picker: 50e7c7ff960e5f58faa4d1f4af84a771c671bc4a
  nanopb: a0ba3315591a9ae0a16a309ee504766e90db0c96
  path_provider: abfe2b5c733d04e238b0d8691db0cfd63a27a93c
  PromisesObjC: 3113f7f76903778cf4a0586bd1ab89329a0b7b97
  Reachability: 33e18b67625424e47b6cde6d202dce689ad7af96
  share: 0b2c3e82132f5888bccca3351c504d0003b3b410
  shared_preferences: af6bfa751691cdc24be3045c43ec037377ada40d
  social_share: 702a5e3842addd22db515aa9e1e00a4b80a0296d
  url_launcher: 6fef411d543ceb26efce54b05a0a40bfd74cbbef

PODFILE CHECKSUM: aafe91acc616949ddb318b77800a7f51bffa2a4c

COCOAPODS: 1.10.1
